{
    "_readme": [
        "This file locks the dependencies of your project to a known state",
        "Read more about it at https://getcomposer.org/doc/01-basic-usage.md#installing-dependencies",
        "This file is @generated automatically"
    ],
    "content-hash": "0f40567ae53b2d7c3fce0a9d28c46dc5",
    "packages": [
        {
            "name": "learnosity/learnosity-sdk-php",
            "version": "v0.10.2",
            "source": {
                "type": "git",
                "url": "https://github.com/Learnosity/learnosity-sdk-php.git",
                "reference": "5626cfa5dfc19117026fd9f06568f2f079e4cf0d"
            },
            "dist": {
                "type": "zip",
                "url": "https://api.github.com/repos/Learnosity/learnosity-sdk-php/zipball/5626cfa5dfc19117026fd9f06568f2f079e4cf0d",
                "reference": "5626cfa5dfc19117026fd9f06568f2f079e4cf0d",
                "shasum": ""
            },
            "require": {
                "paragonie/random_compat": "^2.0",
                "php": ">=5.6 || ^7"
            },
            "require-dev": {
                "phpunit/phpunit": "^5.7"
            },
            "type": "library",
            "autoload": {
                "psr-0": {
                    "LearnositySdk\\": [
                        "src/",
                        "src/tests/"
                    ]
                }
            },
            "notification-url": "https://packagist.org/downloads/",
            "license": [
                "Apache-2.0"
            ],
            "description": "Include this package into your own codebase to ease integration with any of the Learnosity APIs",
            "homepage": "https://github.com/Learnosity/learnosity-sdk-php",
            "keywords": [
                "PHP7",
                "learnosity",
                "php5",
                "sdk"
            ],
            "time": "2019-07-29T04:08:58+00:00"
        },
        {
            "name": "paragonie/random_compat",
            "version": "v2.0.18",
            "source": {
                "type": "git",
                "url": "https://github.com/paragonie/random_compat.git",
                "reference": "0a58ef6e3146256cc3dc7cc393927bcc7d1b72db"
            },
            "dist": {
                "type": "zip",
                "url": "https://api.github.com/repos/paragonie/random_compat/zipball/0a58ef6e3146256cc3dc7cc393927bcc7d1b72db",
                "reference": "0a58ef6e3146256cc3dc7cc393927bcc7d1b72db",
                "shasum": ""
            },
            "require": {
                "php": ">=5.2.0"
            },
            "require-dev": {
                "phpunit/phpunit": "4.*|5.*"
            },
            "suggest": {
                "ext-libsodium": "Provides a modern crypto API that can be used to generate random bytes."
            },
            "type": "library",
            "autoload": {
                "files": [
                    "lib/random.php"
                ]
            },
            "notification-url": "https://packagist.org/downloads/",
            "license": [
                "MIT"
            ],
            "authors": [
                {
                    "name": "Paragon Initiative Enterprises",
                    "email": "security@paragonie.com",
                    "homepage": "https://paragonie.com"
                }
            ],
            "description": "PHP 5.x polyfill for random_bytes() and random_int() from PHP 7",
            "keywords": [
                "csprng",
                "polyfill",
                "pseudorandom",
                "random"
            ],
            "time": "2019-01-03T20:59:08+00:00"
        }
    ],
    "packages-dev": [],
    "aliases": [],
    "minimum-stability": "stable",
    "stability-flags": [],
    "prefer-stable": false,
    "prefer-lowest": false,
    "platform": {
        "php": ">=5.6.0"
    },
    "platform-dev": []
}
