{
    "_readme": [
        "This file locks the dependencies of your project to a known state",
        "Read more about it at https://getcomposer.org/doc/01-basic-usage.md#installing-dependencies",
        "This file is @generated automatically"
    ],
    "content-hash": "89e0390a6d1fdb732d99d78b1acb6650",
    "packages": [
        {
            "name": "learnosity/learnosity-sdk-php",
            "version": "v1.0.0",
            "source": {
                "type": "git",
                "url": "https://github.com/Learnosity/learnosity-sdk-php.git",
                "reference": "08ba12cc969255ed6108ec9fdba253d1e6460611"
            },
            "dist": {
                "type": "zip",
                "url": "https://api.github.com/repos/Learnosity/learnosity-sdk-php/zipball/08ba12cc969255ed6108ec9fdba253d1e6460611",
                "reference": "08ba12cc969255ed6108ec9fdba253d1e6460611",
                "shasum": ""
            },
            "require": {
                "ext-curl": "*",
                "ext-json": "*",
                "ext-mbstring": "*",
                "php": "^7.0 || ^8.0"
            },
            "require-dev": {
                "phpunit/phpunit": "^6.0 || ^7.0 || ^8.0 || ^9.0"
            },
            "type": "library",
            "autoload": {
                "psr-0": {
                    "LearnositySdk\\": [
                        "src/"
                    ]
                }
            },
            "notification-url": "https://packagist.org/downloads/",
            "license": [
                "Apache-2.0"
            ],
            "description": "Include this package into your own codebase to ease integration with any of the Learnosity APIs",
            "homepage": "https://github.com/Learnosity/learnosity-sdk-php",
            "keywords": [
                "PHP7",
                "learnosity",
                "php8",
                "sdk"
            ],
            "time": "2021-06-01T07:08:26+00:00"
        }
    ],
    "packages-dev": [],
    "aliases": [],
    "minimum-stability": "stable",
    "stability-flags": [],
    "prefer-stable": false,
    "prefer-lowest": false,
    "platform": {
        "php": ">=7.2"
    },
    "platform-dev": [],
    "plugin-api-version": "1.1.0"
}
